
Microsoft Visual Studio Solution File, Format Version 12.00
# Visual Studio 2013
VisualStudioVersion = 12.0.30501.0
MinimumVisualStudioVersion = 10.0.40219.1
Project("{FAE04EC0-301F-11D3-BF4B-00C04F79EFBC}") = "S3Server", "src\S3Server\S3Server.csproj", "{60A07690-E774-4A17-9E42-F7BAA1615B06}"
EndProject
Project("{FAE04EC0-301F-11D3-BF4B-00C04F79EFBC}") = "S3Server.Tests", "src\S3Server.Tests\S3Server.Tests.csproj", "{4A9B5682-95CC-4A33-A47A-95B8CD62E3A5}"
EndProject
Global
	GlobalSection(SolutionConfigurationPlatforms) = preSolution
		Debug|Any CPU = Debug|Any CPU
		Release|Any CPU = Release|Any CPU
	EndGlobalSection
	GlobalSection(ProjectConfigurationPlatforms) = postSolution
		{60A07690-E774-4A17-9E42-F7BAA1615B06}.Debug|Any CPU.ActiveCfg = Debug|Any CPU
		{60A07690-E774-4A17-9E42-F7BAA1615B06}.Debug|Any CPU.Build.0 = Debug|Any CPU
		{60A07690-E774-4A17-9E42-F7BAA1615B06}.Release|Any CPU.ActiveCfg = Release|Any CPU
		{60A07690-E774-4A17-9E42-F7BAA1615B06}.Release|Any CPU.Build.0 = Release|Any CPU
		{4A9B5682-95CC-4A33-A47A-95B8CD62E3A5}.Debug|Any CPU.ActiveCfg = Debug|Any CPU
		{4A9B5682-95CC-4A33-A47A-95B8CD62E3A5}.Debug|Any CPU.Build.0 = Debug|Any CPU
		{4A9B5682-95CC-4A33-A47A-95B8CD62E3A5}.Release|Any CPU.ActiveCfg = Release|Any CPU
		{4A9B5682-95CC-4A33-A47A-95B8CD62E3A5}.Release|Any CPU.Build.0 = Release|Any CPU
	EndGlobalSection
	GlobalSection(SolutionProperties) = preSolution
		HideSolutionNode = FALSE
	EndGlobalSection
EndGlobal
